// !$*UTF8*$!
{
	archiveVersion = 1;
	classes = {
	};
	objectVersion = 77;
	objects = {

/* Begin PBXBuildFile section */
		3CAFC1DA2E822E6500E4CF04 /* GoogleSignIn in Frameworks */ = {isa = PBXBuildFile; productRef = 3CAFC1D92E822E6500E4CF04 /* GoogleSignIn */; };
		3CAFC1DC2E822E6500E4CF04 /* GoogleSignInSwift in Frameworks */ = {isa = PBXBuildFile; productRef = 3CAFC1DB2E822E6500E4CF04 /* GoogleSignInSwift */; };
		3CAFC1E62E824DAB00E4CF04 /* FirebaseAI in Frameworks */ = {isa = PBXBuildFile; productRef = 3CAFC1E52E824DAB00E4CF04 /* FirebaseAI */; };
		3CAFC1E82E824DAB00E4CF04 /* FirebaseAnalytics in Frameworks */ = {isa = PBXBuildFile; productRef = 3CAFC1E72E824DAB00E4CF04 /* FirebaseAnalytics */; };
		3CAFC1EA2E824DAB00E4CF04 /* FirebaseAnalyticsCore in Frameworks */ = {isa = PBXBuildFile; productRef = 3CAFC1E92E824DAB00E4CF04 /* FirebaseAnalyticsCore */; };
		3CAFC1EC2E824DAB00E4CF04 /* FirebaseAnalyticsIdentitySupport in Frameworks */ = {isa = PBXBuildFile; productRef = 3CAFC1EB2E824DAB00E4CF04 /* FirebaseAnalyticsIdentitySupport */; };
		3CAFC1EE2E824DAB00E4CF04 /* FirebaseAppCheck in Frameworks */ = {isa = PBXBuildFile; productRef = 3CAFC1ED2E824DAB00E4CF04 /* FirebaseAppCheck */; };
		3CAFC1F02E824DAB00E4CF04 /* FirebaseAppDistribution-Beta in Frameworks */ = {isa = PBXBuildFile; productRef = 3CAFC1EF2E824DAB00E4CF04 /* FirebaseAppDistribution-Beta */; };
		3CAFC1F22E824DAB00E4CF04 /* FirebaseAuth in Frameworks */ = {isa = PBXBuildFile; productRef = 3CAFC1F12E824DAB00E4CF04 /* FirebaseAuth */; };
		3CAFC1F42E824DAB00E4CF04 /* FirebaseAuthCombine-Community in Frameworks */ = {isa = PBXBuildFile; productRef = 3CAFC1F32E824DAB00E4CF04 /* FirebaseAuthCombine-Community */; };
		3CAFC1F62E824DAB00E4CF04 /* FirebaseCore in Frameworks */ = {isa = PBXBuildFile; productRef = 3CAFC1F52E824DAB00E4CF04 /* FirebaseCore */; };
		3CAFC1F82E824DAB00E4CF04 /* FirebaseCrashlytics in Frameworks */ = {isa = PBXBuildFile; productRef = 3CAFC1F72E824DAB00E4CF04 /* FirebaseCrashlytics */; };
		3CAFC1FA2E824DAB00E4CF04 /* FirebaseDatabase in Frameworks */ = {isa = PBXBuildFile; productRef = 3CAFC1F92E824DAB00E4CF04 /* FirebaseDatabase */; };
		3CAFC1FC2E824DAB00E4CF04 /* FirebaseFirestore in Frameworks */ = {isa = PBXBuildFile; productRef = 3CAFC1FB2E824DAB00E4CF04 /* FirebaseFirestore */; };
		3CAFC1FE2E824DAB00E4CF04 /* FirebaseFirestoreCombine-Community in Frameworks */ = {isa = PBXBuildFile; productRef = 3CAFC1FD2E824DAB00E4CF04 /* FirebaseFirestoreCombine-Community */; };
		3CAFC2002E824DAB00E4CF04 /* FirebaseFunctions in Frameworks */ = {isa = PBXBuildFile; productRef = 3CAFC1FF2E824DAB00E4CF04 /* FirebaseFunctions */; };
		3CAFC2022E824DAB00E4CF04 /* FirebaseFunctionsCombine-Community in Frameworks */ = {isa = PBXBuildFile; productRef = 3CAFC2012E824DAB00E4CF04 /* FirebaseFunctionsCombine-Community */; };
		3CAFC2042E824DAB00E4CF04 /* FirebaseInAppMessaging-Beta in Frameworks */ = {isa = PBXBuildFile; productRef = 3CAFC2032E824DAB00E4CF04 /* FirebaseInAppMessaging-Beta */; };
		3CAFC2062E824DAB00E4CF04 /* FirebaseInstallations in Frameworks */ = {isa = PBXBuildFile; productRef = 3CAFC2052E824DAB00E4CF04 /* FirebaseInstallations */; };
		3CAFC2082E824DAB00E4CF04 /* FirebaseMLModelDownloader in Frameworks */ = {isa = PBXBuildFile; productRef = 3CAFC2072E824DAB00E4CF04 /* FirebaseMLModelDownloader */; };
		3CAFC20A2E824DAB00E4CF04 /* FirebaseMessaging in Frameworks */ = {isa = PBXBuildFile; productRef = 3CAFC2092E824DAB00E4CF04 /* FirebaseMessaging */; };
		3CAFC20C2E824DAB00E4CF04 /* FirebasePerformance in Frameworks */ = {isa = PBXBuildFile; productRef = 3CAFC20B2E824DAB00E4CF04 /* FirebasePerformance */; };
		3CAFC20E2E824DAB00E4CF04 /* FirebaseRemoteConfig in Frameworks */ = {isa = PBXBuildFile; productRef = 3CAFC20D2E824DAB00E4CF04 /* FirebaseRemoteConfig */; };
		3CAFC2102E824DAB00E4CF04 /* FirebaseStorage in Frameworks */ = {isa = PBXBuildFile; productRef = 3CAFC20F2E824DAB00E4CF04 /* FirebaseStorage */; };
		3CAFC2122E824DAB00E4CF04 /* FirebaseStorageCombine-Community in Frameworks */ = {isa = PBXBuildFile; productRef = 3CAFC2112E824DAB00E4CF04 /* FirebaseStorageCombine-Community */; };
		3CF6D4D12E8B356F00DD9AF9 /* MapKit.framework in Frameworks */ = {isa = PBXBuildFile; fileRef = 3CF6D4D02E8B356F00DD9AF9 /* MapKit.framework */; };
/* End PBXBuildFile section */

/* Begin PBXContainerItemProxy section */
		3C33BB452E80E38B00E3388F /* PBXContainerItemProxy */ = {
			isa = PBXContainerItemProxy;
			containerPortal = 3C33BB2B2E80E38A00E3388F /* Project object */;
			proxyType = 1;
			remoteGlobalIDString = 3C33BB322E80E38A00E3388F;
			remoteInfo = SaviPets;
		};
		3C33BB4F2E80E38B00E3388F /* PBXContainerItemProxy */ = {
			isa = PBXContainerItemProxy;
			containerPortal = 3C33BB2B2E80E38A00E3388F /* Project object */;
			proxyType = 1;
			remoteGlobalIDString = 3C33BB322E80E38A00E3388F;
			remoteInfo = SaviPets;
		};
/* End PBXContainerItemProxy section */

/* Begin PBXFileReference section */
		3C33BB332E80E38A00E3388F /* SaviPets.app */ = {isa = PBXFileReference; explicitFileType = wrapper.application; includeInIndex = 0; path = SaviPets.app; sourceTree = BUILT_PRODUCTS_DIR; };
		3C33BB442E80E38B00E3388F /* SaviPetsTests.xctest */ = {isa = PBXFileReference; explicitFileType = wrapper.cfbundle; includeInIndex = 0; path = SaviPetsTests.xctest; sourceTree = BUILT_PRODUCTS_DIR; };
		3C33BB4E2E80E38B00E3388F /* SaviPetsUITests.xctest */ = {isa = PBXFileReference; explicitFileType = wrapper.cfbundle; includeInIndex = 0; path = SaviPetsUITests.xctest; sourceTree = BUILT_PRODUCTS_DIR; };
		3CF6D4D02E8B356F00DD9AF9 /* MapKit.framework */ = {isa = PBXFileReference; lastKnownFileType = wrapper.framework; name = MapKit.framework; path = System/Library/Frameworks/MapKit.framework; sourceTree = SDKROOT; };
/* End PBXFileReference section */

/* Begin PBXFileSystemSynchronizedBuildFileExceptionSet section */
		3C33BB562E80E38B00E3388F /* Exceptions for "SaviPets" folder in "SaviPets" target */ = {
			isa = PBXFileSystemSynchronizedBuildFileExceptionSet;
			membershipExceptions = (
				Info.plist,
			);
			target = 3C33BB322E80E38A00E3388F /* SaviPets */;
		};
/* End PBXFileSystemSynchronizedBuildFileExceptionSet section */

/* Begin PBXFileSystemSynchronizedRootGroup section */
		3C33BB352E80E38A00E3388F /* SaviPets */ = {
			isa = PBXFileSystemSynchronizedRootGroup;
			exceptions = (
				3C33BB562E80E38B00E3388F /* Exceptions for "SaviPets" folder in "SaviPets" target */,
			);
			path = SaviPets;
			sourceTree = "<group>";
		};
		3C33BB472E80E38B00E3388F /* SaviPetsTests */ = {
			isa = PBXFileSystemSynchronizedRootGroup;
			path = SaviPetsTests;
			sourceTree = "<group>";
		};
		3C33BB512E80E38B00E3388F /* SaviPetsUITests */ = {
			isa = PBXFileSystemSynchronizedRootGroup;
			path = SaviPetsUITests;
			sourceTree = "<group>";
		};
/* End PBXFileSystemSynchronizedRootGroup section */

/* Begin PBXFrameworksBuildPhase section */
		3C33BB302E80E38A00E3388F /* Frameworks */ = {
			isa = PBXFrameworksBuildPhase;
			buildActionMask = 2147483647;
			files = (
				3CAFC20C2E824DAB00E4CF04 /* FirebasePerformance in Frameworks */,
				3CAFC1FA2E824DAB00E4CF04 /* FirebaseDatabase in Frameworks */,
				3CAFC2022E824DAB00E4CF04 /* FirebaseFunctionsCombine-Community in Frameworks */,
				3CAFC1DA2E822E6500E4CF04 /* GoogleSignIn in Frameworks */,
				3CAFC1DC2E822E6500E4CF04 /* GoogleSignInSwift in Frameworks */,
				3CAFC2102E824DAB00E4CF04 /* FirebaseStorage in Frameworks */,
				3CAFC1FE2E824DAB00E4CF04 /* FirebaseFirestoreCombine-Community in Frameworks */,
				3CAFC1F62E824DAB00E4CF04 /* FirebaseCore in Frameworks */,
				3CAFC1EC2E824DAB00E4CF04 /* FirebaseAnalyticsIdentitySupport in Frameworks */,
				3CAFC2082E824DAB00E4CF04 /* FirebaseMLModelDownloader in Frameworks */,
				3CAFC1EA2E824DAB00E4CF04 /* FirebaseAnalyticsCore in Frameworks */,
				3CAFC20A2E824DAB00E4CF04 /* FirebaseMessaging in Frameworks */,
				3CAFC2062E824DAB00E4CF04 /* FirebaseInstallations in Frameworks */,
				3CAFC1F22E824DAB00E4CF04 /* FirebaseAuth in Frameworks */,
				3CAFC1EE2E824DAB00E4CF04 /* FirebaseAppCheck in Frameworks */,
				3CAFC1E82E824DAB00E4CF04 /* FirebaseAnalytics in Frameworks */,
				3CAFC2042E824DAB00E4CF04 /* FirebaseInAppMessaging-Beta in Frameworks */,
				3CAFC1E62E824DAB00E4CF04 /* FirebaseAI in Frameworks */,
				3CAFC2002E824DAB00E4CF04 /* FirebaseFunctions in Frameworks */,
				3CAFC20E2E824DAB00E4CF04 /* FirebaseRemoteConfig in Frameworks */,
				3CF6D4D12E8B356F00DD9AF9 /* MapKit.framework in Frameworks */,
				3CAFC1F82E824DAB00E4CF04 /* FirebaseCrashlytics in Frameworks */,
				3CAFC1F02E824DAB00E4CF04 /* FirebaseAppDistribution-Beta in Frameworks */,
				3CAFC2122E824DAB00E4CF04 /* FirebaseStorageCombine-Community in Frameworks */,
				3CAFC1F42E824DAB00E4CF04 /* FirebaseAuthCombine-Community in Frameworks */,
				3CAFC1FC2E824DAB00E4CF04 /* FirebaseFirestore in Frameworks */,
			);
			runOnlyForDeploymentPostprocessing = 0;
		};
		3C33BB412E80E38B00E3388F /* Frameworks */ = {
			isa = PBXFrameworksBuildPhase;
			buildActionMask = 2147483647;
			files = (
			);
			runOnlyForDeploymentPostprocessing = 0;
		};
		3C33BB4B2E80E38B00E3388F /* Frameworks */ = {
			isa = PBXFrameworksBuildPhase;
			buildActionMask = 2147483647;
			files = (
			);
			runOnlyForDeploymentPostprocessing = 0;
		};
/* End PBXFrameworksBuildPhase section */

/* Begin PBXGroup section */
		3C33BB2A2E80E38A00E3388F = {
			isa = PBXGroup;
			children = (
				3C33BB352E80E38A00E3388F /* SaviPets */,
				3C33BB472E80E38B00E3388F /* SaviPetsTests */,
				3C33BB512E80E38B00E3388F /* SaviPetsUITests */,
				3CF6D4CF2E8B356F00DD9AF9 /* Frameworks */,
				3C33BB342E80E38A00E3388F /* Products */,
			);
			sourceTree = "<group>";
		};
		3C33BB342E80E38A00E3388F /* Products */ = {
			isa = PBXGroup;
			children = (
				3C33BB332E80E38A00E3388F /* SaviPets.app */,
				3C33BB442E80E38B00E3388F /* SaviPetsTests.xctest */,
				3C33BB4E2E80E38B00E3388F /* SaviPetsUITests.xctest */,
			);
			name = Products;
			sourceTree = "<group>";
		};
		3CF6D4CF2E8B356F00DD9AF9 /* Frameworks */ = {
			isa = PBXGroup;
			children = (
				3CF6D4D02E8B356F00DD9AF9 /* MapKit.framework */,
			);
			name = Frameworks;
			sourceTree = "<group>";
		};
/* End PBXGroup section */

/* Begin PBXNativeTarget section */
		3C33BB322E80E38A00E3388F /* SaviPets */ = {
			isa = PBXNativeTarget;
			buildConfigurationList = 3C33BB572E80E38B00E3388F /* Build configuration list for PBXNativeTarget "SaviPets" */;
			buildPhases = (
				3C33BB2F2E80E38A00E3388F /* Sources */,
				3C33BB302E80E38A00E3388F /* Frameworks */,
				3C33BB312E80E38A00E3388F /* Resources */,
			);
			buildRules = (
			);
			dependencies = (
			);
			fileSystemSynchronizedGroups = (
				3C33BB352E80E38A00E3388F /* SaviPets */,
			);
			name = SaviPets;
			packageProductDependencies = (
				3CAFC1D92E822E6500E4CF04 /* GoogleSignIn */,
				3CAFC1DB2E822E6500E4CF04 /* GoogleSignInSwift */,
				3CAFC1E52E824DAB00E4CF04 /* FirebaseAI */,
				3CAFC1E72E824DAB00E4CF04 /* FirebaseAnalytics */,
				3CAFC1E92E824DAB00E4CF04 /* FirebaseAnalyticsCore */,
				3CAFC1EB2E824DAB00E4CF04 /* FirebaseAnalyticsIdentitySupport */,
				3CAFC1ED2E824DAB00E4CF04 /* FirebaseAppCheck */,
				3CAFC1EF2E824DAB00E4CF04 /* FirebaseAppDistribution-Beta */,
				3CAFC1F12E824DAB00E4CF04 /* FirebaseAuth */,
				3CAFC1F32E824DAB00E4CF04 /* FirebaseAuthCombine-Community */,
				3CAFC1F52E824DAB00E4CF04 /* FirebaseCore */,
				3CAFC1F72E824DAB00E4CF04 /* FirebaseCrashlytics */,
				3CAFC1F92E824DAB00E4CF04 /* FirebaseDatabase */,
				3CAFC1FB2E824DAB00E4CF04 /* FirebaseFirestore */,
				3CAFC1FD2E824DAB00E4CF04 /* FirebaseFirestoreCombine-Community */,
				3CAFC1FF2E824DAB00E4CF04 /* FirebaseFunctions */,
				3CAFC2012E824DAB00E4CF04 /* FirebaseFunctionsCombine-Community */,
				3CAFC2032E824DAB00E4CF04 /* FirebaseInAppMessaging-Beta */,
				3CAFC2052E824DAB00E4CF04 /* FirebaseInstallations */,
				3CAFC2072E824DAB00E4CF04 /* FirebaseMLModelDownloader */,
				3CAFC2092E824DAB00E4CF04 /* FirebaseMessaging */,
				3CAFC20B2E824DAB00E4CF04 /* FirebasePerformance */,
				3CAFC20D2E824DAB00E4CF04 /* FirebaseRemoteConfig */,
				3CAFC20F2E824DAB00E4CF04 /* FirebaseStorage */,
				3CAFC2112E824DAB00E4CF04 /* FirebaseStorageCombine-Community */,
			);
			productName = SaviPets;
			productReference = 3C33BB332E80E38A00E3388F /* SaviPets.app */;
			productType = "com.apple.product-type.application";
		};
		3C33BB432E80E38B00E3388F /* SaviPetsTests */ = {
			isa = PBXNativeTarget;
			buildConfigurationList = 3C33BB5C2E80E38B00E3388F /* Build configuration list for PBXNativeTarget "SaviPetsTests" */;
			buildPhases = (
				3C33BB402E80E38B00E3388F /* Sources */,
				3C33BB412E80E38B00E3388F /* Frameworks */,
				3C33BB422E80E38B00E3388F /* Resources */,
			);
			buildRules = (
			);
			dependencies = (
				3C33BB462E80E38B00E3388F /* PBXTargetDependency */,
			);
			fileSystemSynchronizedGroups = (
				3C33BB472E80E38B00E3388F /* SaviPetsTests */,
			);
			name = SaviPetsTests;
			packageProductDependencies = (
			);
			productName = SaviPetsTests;
			productReference = 3C33BB442E80E38B00E3388F /* SaviPetsTests.xctest */;
			productType = "com.apple.product-type.bundle.unit-test";
		};
		3C33BB4D2E80E38B00E3388F /* SaviPetsUITests */ = {
			isa = PBXNativeTarget;
			buildConfigurationList = 3C33BB5F2E80E38B00E3388F /* Build configuration list for PBXNativeTarget "SaviPetsUITests" */;
			buildPhases = (
				3C33BB4A2E80E38B00E3388F /* Sources */,
				3C33BB4B2E80E38B00E3388F /* Frameworks */,
				3C33BB4C2E80E38B00E3388F /* Resources */,
			);
			buildRules = (
			);
			dependencies = (
				3C33BB502E80E38B00E3388F /* PBXTargetDependency */,
			);
			fileSystemSynchronizedGroups = (
				3C33BB512E80E38B00E3388F /* SaviPetsUITests */,
			);
			name = SaviPetsUITests;
			packageProductDependencies = (
			);
			productName = SaviPetsUITests;
			productReference = 3C33BB4E2E80E38B00E3388F /* SaviPetsUITests.xctest */;
			productType = "com.apple.product-type.bundle.ui-testing";
		};
/* End PBXNativeTarget section */

/* Begin PBXProject section */
		3C33BB2B2E80E38A00E3388F /* Project object */ = {
			isa = PBXProject;
			attributes = {
				BuildIndependentTargetsInParallel = 1;
				LastSwiftUpdateCheck = 2600;
				LastUpgradeCheck = 2600;
				TargetAttributes = {
					3C33BB322E80E38A00E3388F = {
						CreatedOnToolsVersion = 26.0;
					};
					3C33BB432E80E38B00E3388F = {
						CreatedOnToolsVersion = 26.0;
						TestTargetID = 3C33BB322E80E38A00E3388F;
					};
					3C33BB4D2E80E38B00E3388F = {
						CreatedOnToolsVersion = 26.0;
						TestTargetID = 3C33BB322E80E38A00E3388F;
					};
				};
			};
			buildConfigurationList = 3C33BB2E2E80E38A00E3388F /* Build configuration list for PBXProject "SaviPets" */;
			developmentRegion = en;
			hasScannedForEncodings = 0;
			knownRegions = (
				en,
				Base,
			);
			mainGroup = 3C33BB2A2E80E38A00E3388F;
			minimizedProjectReferenceProxies = 1;
			packageReferences = (
				3CAFC1D82E822E6500E4CF04 /* XCRemoteSwiftPackageReference "GoogleSignIn-iOS" */,
				3CAFC1E42E824DAB00E4CF04 /* XCRemoteSwiftPackageReference "firebase-ios-sdk" */,
				3CD8416B2E84C9090018A598 /* XCRemoteSwiftPackageReference "lottie-ios" */,
			);
			preferredProjectObjectVersion = 77;
			productRefGroup = 3C33BB342E80E38A00E3388F /* Products */;
			projectDirPath = "";
			projectRoot = "";
			targets = (
				3C33BB322E80E38A00E3388F /* SaviPets */,
				3C33BB432E80E38B00E3388F /* SaviPetsTests */,
				3C33BB4D2E80E38B00E3388F /* SaviPetsUITests */,
			);
		};
/* End PBXProject section */

/* Begin PBXResourcesBuildPhase section */
		3C33BB312E80E38A00E3388F /* Resources */ = {
			isa = PBXResourcesBuildPhase;
			buildActionMask = 2147483647;
			files = (
			);
			runOnlyForDeploymentPostprocessing = 0;
		};
		3C33BB422E80E38B00E3388F /* Resources */ = {
			isa = PBXResourcesBuildPhase;
			buildActionMask = 2147483647;
			files = (
			);
			runOnlyForDeploymentPostprocessing = 0;
		};
		3C33BB4C2E80E38B00E3388F /* Resources */ = {
			isa = PBXResourcesBuildPhase;
			buildActionMask = 2147483647;
			files = (
			);
			runOnlyForDeploymentPostprocessing = 0;
		};
/* End PBXResourcesBuildPhase section */

/* Begin PBXSourcesBuildPhase section */
		3C33BB2F2E80E38A00E3388F /* Sources */ = {
			isa = PBXSourcesBuildPhase;
			buildActionMask = 2147483647;
			files = (
			);
			runOnlyForDeploymentPostprocessing = 0;
		};
		3C33BB402E80E38B00E3388F /* Sources */ = {
			isa = PBXSourcesBuildPhase;
			buildActionMask = 2147483647;
			files = (
			);
			runOnlyForDeploymentPostprocessing = 0;
		};
		3C33BB4A2E80E38B00E3388F /* Sources */ = {
			isa = PBXSourcesBuildPhase;
			buildActionMask = 2147483647;
			files = (
			);
			runOnlyForDeploymentPostprocessing = 0;
		};
/* End PBXSourcesBuildPhase section */

/* Begin PBXTargetDependency section */
		3C33BB462E80E38B00E3388F /* PBXTargetDependency */ = {
			isa = PBXTargetDependency;
			target = 3C33BB322E80E38A00E3388F /* SaviPets */;
			targetProxy = 3C33BB452E80E38B00E3388F /* PBXContainerItemProxy */;
		};
		3C33BB502E80E38B00E3388F /* PBXTargetDependency */ = {
			isa = PBXTargetDependency;
			target = 3C33BB322E80E38A00E3388F /* SaviPets */;
			targetProxy = 3C33BB4F2E80E38B00E3388F /* PBXContainerItemProxy */;
		};
/* End PBXTargetDependency section */

/* Begin XCBuildConfiguration section */
		3C33BB582E80E38B00E3388F /* Debug */ = {
			isa = XCBuildConfiguration;
			buildSettings = {
				ASSETCATALOG_COMPILER_APPICON_NAME = AppIcon;
				ASSETCATALOG_COMPILER_GLOBAL_ACCENT_COLOR_NAME = AccentColor;
				CODE_SIGN_STYLE = Automatic;
				CURRENT_PROJECT_VERSION = 3;
				DEVELOPMENT_TEAM = XVVX64JK45;
				ENABLE_PREVIEWS = YES;
				GENERATE_INFOPLIST_FILE = YES;
				INFOPLIST_FILE = SaviPets/Info.plist;
				INFOPLIST_KEY_UIApplicationSceneManifest_Generation = YES;
				INFOPLIST_KEY_UIApplicationSupportsIndirectInputEvents = YES;
				INFOPLIST_KEY_UILaunchScreen_Generation = YES;
				INFOPLIST_KEY_UISupportedInterfaceOrientations_iPad = "UIInterfaceOrientationPortrait UIInterfaceOrientationPortraitUpsideDown UIInterfaceOrientationLandscapeLeft UIInterfaceOrientationLandscapeRight";
				INFOPLIST_KEY_UISupportedInterfaceOrientations_iPhone = "UIInterfaceOrientationPortrait UIInterfaceOrientationLandscapeLeft UIInterfaceOrientationLandscapeRight";
				IPHONEOS_DEPLOYMENT_TARGET = 16.0;
				LD_RUNPATH_SEARCH_PATHS = (
					"$(inherited)",
					"@executable_path/Frameworks",
				);
				MARKETING_VERSION = 1.0;
				PRODUCT_BUNDLE_IDENTIFIER = com.saviesa.SaviPets;
				PRODUCT_NAME = "$(TARGET_NAME)";
				STRING_CATALOG_GENERATE_SYMBOLS = YES;
				SWIFT_APPROACHABLE_CONCURRENCY = YES;
				SWIFT_DEFAULT_ACTOR_ISOLATION = MainActor;
				SWIFT_EMIT_LOC_STRINGS = YES;
				SWIFT_UPCOMING_FEATURE_MEMBER_IMPORT_VISIBILITY = YES;
				SWIFT_VERSION = 5.0;
				TARGETED_DEVICE_FAMILY = "1,2";
			};
			name = Debug;
		};
		3C33BB592E80E38B00E3388F /* Release */ = {
			isa = XCBuildConfiguration;
			buildSettings = {
				ASSETCATALOG_COMPILER_APPICON_NAME = AppIcon;
				ASSETCATALOG_COMPILER_GLOBAL_ACCENT_COLOR_NAME = AccentColor;
				CODE_SIGN_STYLE = Automatic;
				CURRENT_PROJECT_VERSION = 3;
				DEVELOPMENT_TEAM = XVVX64JK45;
				ENABLE_PREVIEWS = YES;
				GENERATE_INFOPLIST_FILE = YES;
				INFOPLIST_FILE = SaviPets/Info.plist;
				INFOPLIST_KEY_UIApplicationSceneManifest_Generation = YES;
				INFOPLIST_KEY_UIApplicationSupportsIndirectInputEvents = YES;
				INFOPLIST_KEY_UILaunchScreen_Generation = YES;
				INFOPLIST_KEY_UISupportedInterfaceOrientations_iPad = "UIInterfaceOrientationPortrait UIInterfaceOrientationPortraitUpsideDown UIInterfaceOrientationLandscapeLeft UIInterfaceOrientationLandscapeRight";
				INFOPLIST_KEY_UISupportedInterfaceOrientations_iPhone = "UIInterfaceOrientationPortrait UIInterfaceOrientationLandscapeLeft UIInterfaceOrientationLandscapeRight";
				IPHONEOS_DEPLOYMENT_TARGET = 16.0;
				LD_RUNPATH_SEARCH_PATHS = (
					"$(inherited)",
					"@executable_path/Frameworks",
				);
				MARKETING_VERSION = 1.0;
				PRODUCT_BUNDLE_IDENTIFIER = com.saviesa.SaviPets;
				PRODUCT_NAME = "$(TARGET_NAME)";
				STRING_CATALOG_GENERATE_SYMBOLS = YES;
				SWIFT_APPROACHABLE_CONCURRENCY = YES;
				SWIFT_DEFAULT_ACTOR_ISOLATION = MainActor;
				SWIFT_EMIT_LOC_STRINGS = YES;
				SWIFT_UPCOMING_FEATURE_MEMBER_IMPORT_VISIBILITY = YES;
				SWIFT_VERSION = 5.0;
				TARGETED_DEVICE_FAMILY = "1,2";
			};
			name = Release;
		};
		3C33BB5A2E80E38B00E3388F /* Debug */ = {
			isa = XCBuildConfiguration;
			buildSettings = {
				ALWAYS_SEARCH_USER_PATHS = NO;
				ASSETCATALOG_COMPILER_GENERATE_SWIFT_ASSET_SYMBOL_EXTENSIONS = YES;
				CLANG_ANALYZER_NONNULL = YES;
				CLANG_ANALYZER_NUMBER_OBJECT_CONVERSION = YES_AGGRESSIVE;
				CLANG_CXX_LANGUAGE_STANDARD = "gnu++20";
				CLANG_ENABLE_MODULES = YES;
				CLANG_ENABLE_OBJC_ARC = YES;
				CLANG_ENABLE_OBJC_WEAK = YES;
				CLANG_WARN_BLOCK_CAPTURE_AUTORELEASING = YES;
				CLANG_WARN_BOOL_CONVERSION = YES;
				CLANG_WARN_COMMA = YES;
				CLANG_WARN_CONSTANT_CONVERSION = YES;
				CLANG_WARN_DEPRECATED_OBJC_IMPLEMENTATIONS = YES;
				CLANG_WARN_DIRECT_OBJC_ISA_USAGE = YES_ERROR;
				CLANG_WARN_DOCUMENTATION_COMMENTS = YES;
				CLANG_WARN_EMPTY_BODY = YES;
				CLANG_WARN_ENUM_CONVERSION = YES;
				CLANG_WARN_INFINITE_RECURSION = YES;
				CLANG_WARN_INT_CONVERSION = YES;
				CLANG_WARN_NON_LITERAL_NULL_CONVERSION = YES;
				CLANG_WARN_OBJC_IMPLICIT_RETAIN_SELF = YES;
				CLANG_WARN_OBJC_LITERAL_CONVERSION = YES;
				CLANG_WARN_OBJC_ROOT_CLASS = YES_ERROR;
				CLANG_WARN_QUOTED_INCLUDE_IN_FRAMEWORK_HEADER = YES;
				CLANG_WARN_RANGE_LOOP_ANALYSIS = YES;
				CLANG_WARN_STRICT_PROTOTYPES = YES;
				CLANG_WARN_SUSPICIOUS_MOVE = YES;
				CLANG_WARN_UNGUARDED_AVAILABILITY = YES_AGGRESSIVE;
				CLANG_WARN_UNREACHABLE_CODE = YES;
				CLANG_WARN__DUPLICATE_METHOD_MATCH = YES;
				COPY_PHASE_STRIP = NO;
				DEBUG_INFORMATION_FORMAT = "dwarf-with-dsym";
				DEVELOPMENT_TEAM = XVVX64JK45;
				ENABLE_STRICT_OBJC_MSGSEND = YES;
				ENABLE_TESTABILITY = YES;
				ENABLE_USER_SCRIPT_SANDBOXING = YES;
				GCC_C_LANGUAGE_STANDARD = gnu17;
				GCC_DYNAMIC_NO_PIC = NO;
				GCC_NO_COMMON_BLOCKS = YES;
				GCC_OPTIMIZATION_LEVEL = 0;
				GCC_PREPROCESSOR_DEFINITIONS = (
					"DEBUG=1",
					"$(inherited)",
				);
				GCC_WARN_64_TO_32_BIT_CONVERSION = YES;
				GCC_WARN_ABOUT_RETURN_TYPE = YES_ERROR;
				GCC_WARN_UNDECLARED_SELECTOR = YES;
				GCC_WARN_UNINITIALIZED_AUTOS = YES_AGGRESSIVE;
				GCC_WARN_UNUSED_FUNCTION = YES;
				GCC_WARN_UNUSED_VARIABLE = YES;
				IPHONEOS_DEPLOYMENT_TARGET = 26.0;
				LOCALIZATION_PREFERS_STRING_CATALOGS = YES;
				MTL_ENABLE_DEBUG_INFO = INCLUDE_SOURCE;
				MTL_FAST_MATH = YES;
				ONLY_ACTIVE_ARCH = YES;
				SDKROOT = iphoneos;
				STRIP_DEBUG_SYMBOLS_DURING_COPY = NO;
				STRIP_INSTALLED_PRODUCT = NO;
				SWIFT_ACTIVE_COMPILATION_CONDITIONS = "DEBUG $(inherited)";
				SWIFT_OPTIMIZATION_LEVEL = "-Onone";
			};
			name = Debug;
		};
		3C33BB5B2E80E38B00E3388F /* Release */ = {
			isa = XCBuildConfiguration;
			buildSettings = {
				ALWAYS_SEARCH_USER_PATHS = NO;
				ASSETCATALOG_COMPILER_GENERATE_SWIFT_ASSET_SYMBOL_EXTENSIONS = YES;
				CLANG_ANALYZER_NONNULL = YES;
				CLANG_ANALYZER_NUMBER_OBJECT_CONVERSION = YES_AGGRESSIVE;
				CLANG_CXX_LANGUAGE_STANDARD = "gnu++20";
				CLANG_ENABLE_MODULES = YES;
				CLANG_ENABLE_OBJC_ARC = YES;
				CLANG_ENABLE_OBJC_WEAK = YES;
				CLANG_WARN_BLOCK_CAPTURE_AUTORELEASING = YES;
				CLANG_WARN_BOOL_CONVERSION = YES;
				CLANG_WARN_COMMA = YES;
				CLANG_WARN_CONSTANT_CONVERSION = YES;
				CLANG_WARN_DEPRECATED_OBJC_IMPLEMENTATIONS = YES;
				CLANG_WARN_DIRECT_OBJC_ISA_USAGE = YES_ERROR;
				CLANG_WARN_DOCUMENTATION_COMMENTS = YES;
				CLANG_WARN_EMPTY_BODY = YES;
				CLANG_WARN_ENUM_CONVERSION = YES;
				CLANG_WARN_INFINITE_RECURSION = YES;
				CLANG_WARN_INT_CONVERSION = YES;
				CLANG_WARN_NON_LITERAL_NULL_CONVERSION = YES;
				CLANG_WARN_OBJC_IMPLICIT_RETAIN_SELF = YES;
				CLANG_WARN_OBJC_LITERAL_CONVERSION = YES;
				CLANG_WARN_OBJC_ROOT_CLASS = YES_ERROR;
				CLANG_WARN_QUOTED_INCLUDE_IN_FRAMEWORK_HEADER = YES;
				CLANG_WARN_RANGE_LOOP_ANALYSIS = YES;
				CLANG_WARN_STRICT_PROTOTYPES = YES;
				CLANG_WARN_SUSPICIOUS_MOVE = YES;
				CLANG_WARN_UNGUARDED_AVAILABILITY = YES_AGGRESSIVE;
				CLANG_WARN_UNREACHABLE_CODE = YES;
				CLANG_WARN__DUPLICATE_METHOD_MATCH = YES;
				COPY_PHASE_STRIP = NO;
				DEBUG_INFORMATION_FORMAT = "dwarf-with-dsym";
				DEVELOPMENT_TEAM = XVVX64JK45;
				ENABLE_NS_ASSERTIONS = NO;
				ENABLE_STRICT_OBJC_MSGSEND = YES;
				ENABLE_USER_SCRIPT_SANDBOXING = YES;
				GCC_C_LANGUAGE_STANDARD = gnu17;
				GCC_NO_COMMON_BLOCKS = YES;
				GCC_WARN_64_TO_32_BIT_CONVERSION = YES;
				GCC_WARN_ABOUT_RETURN_TYPE = YES_ERROR;
				GCC_WARN_UNDECLARED_SELECTOR = YES;
				GCC_WARN_UNINITIALIZED_AUTOS = YES_AGGRESSIVE;
				GCC_WARN_UNUSED_FUNCTION = YES;
				GCC_WARN_UNUSED_VARIABLE = YES;
				IPHONEOS_DEPLOYMENT_TARGET = 26.0;
				LOCALIZATION_PREFERS_STRING_CATALOGS = YES;
				MTL_ENABLE_DEBUG_INFO = NO;
				MTL_FAST_MATH = YES;
				SDKROOT = iphoneos;
				STRIP_DEBUG_SYMBOLS_DURING_COPY = NO;
				STRIP_INSTALLED_PRODUCT = NO;
				SWIFT_COMPILATION_MODE = wholemodule;
				VALIDATE_PRODUCT = YES;
			};
			name = Release;
		};
		3C33BB5D2E80E38B00E3388F /* Debug */ = {
			isa = XCBuildConfiguration;
			buildSettings = {
				BUNDLE_LOADER = "$(TEST_HOST)";
				CODE_SIGN_STYLE = Automatic;
				CURRENT_PROJECT_VERSION = 1;
				DEVELOPMENT_TEAM = XVVX64JK45;
				GENERATE_INFOPLIST_FILE = YES;
				IPHONEOS_DEPLOYMENT_TARGET = 26.0;
				MARKETING_VERSION = 1.0;
				PRODUCT_BUNDLE_IDENTIFIER = com.saviesa.SaviPetsTests;
				PRODUCT_NAME = "$(TARGET_NAME)";
				STRING_CATALOG_GENERATE_SYMBOLS = NO;
				SWIFT_APPROACHABLE_CONCURRENCY = YES;
				SWIFT_EMIT_LOC_STRINGS = NO;
				SWIFT_UPCOMING_FEATURE_MEMBER_IMPORT_VISIBILITY = YES;
				SWIFT_VERSION = 5.0;
				TARGETED_DEVICE_FAMILY = "1,2";
				TEST_HOST = "$(BUILT_PRODUCTS_DIR)/SaviPets.app/$(BUNDLE_EXECUTABLE_FOLDER_PATH)/SaviPets";
			};
			name = Debug;
		};
		3C33BB5E2E80E38B00E3388F /* Release */ = {
			isa = XCBuildConfiguration;
			buildSettings = {
				BUNDLE_LOADER = "$(TEST_HOST)";
				CODE_SIGN_STYLE = Automatic;
				CURRENT_PROJECT_VERSION = 1;
				DEVELOPMENT_TEAM = XVVX64JK45;
				GENERATE_INFOPLIST_FILE = YES;
				IPHONEOS_DEPLOYMENT_TARGET = 26.0;
				MARKETING_VERSION = 1.0;
				PRODUCT_BUNDLE_IDENTIFIER = com.saviesa.SaviPetsTests;
				PRODUCT_NAME = "$(TARGET_NAME)";
				STRING_CATALOG_GENERATE_SYMBOLS = NO;
				SWIFT_APPROACHABLE_CONCURRENCY = YES;
				SWIFT_EMIT_LOC_STRINGS = NO;
				SWIFT_UPCOMING_FEATURE_MEMBER_IMPORT_VISIBILITY = YES;
				SWIFT_VERSION = 5.0;
				TARGETED_DEVICE_FAMILY = "1,2";
				TEST_HOST = "$(BUILT_PRODUCTS_DIR)/SaviPets.app/$(BUNDLE_EXECUTABLE_FOLDER_PATH)/SaviPets";
			};
			name = Release;
		};
		3C33BB602E80E38B00E3388F /* Debug */ = {
			isa = XCBuildConfiguration;
			buildSettings = {
				CODE_SIGN_STYLE = Automatic;
				CURRENT_PROJECT_VERSION = 1;
				DEVELOPMENT_TEAM = XVVX64JK45;
				GENERATE_INFOPLIST_FILE = YES;
				MARKETING_VERSION = 1.0;
				PRODUCT_BUNDLE_IDENTIFIER = com.saviesa.SaviPetsUITests;
				PRODUCT_NAME = "$(TARGET_NAME)";
				STRING_CATALOG_GENERATE_SYMBOLS = NO;
				SWIFT_APPROACHABLE_CONCURRENCY = YES;
				SWIFT_EMIT_LOC_STRINGS = NO;
				SWIFT_UPCOMING_FEATURE_MEMBER_IMPORT_VISIBILITY = YES;
				SWIFT_VERSION = 5.0;
				TARGETED_DEVICE_FAMILY = "1,2";
				TEST_TARGET_NAME = SaviPets;
			};
			name = Debug;
		};
		3C33BB612E80E38B00E3388F /* Release */ = {
			isa = XCBuildConfiguration;
			buildSettings = {
				CODE_SIGN_STYLE = Automatic;
				CURRENT_PROJECT_VERSION = 1;
				DEVELOPMENT_TEAM = XVVX64JK45;
				GENERATE_INFOPLIST_FILE = YES;
				MARKETING_VERSION = 1.0;
				PRODUCT_BUNDLE_IDENTIFIER = com.saviesa.SaviPetsUITests;
				PRODUCT_NAME = "$(TARGET_NAME)";
				STRING_CATALOG_GENERATE_SYMBOLS = NO;
				SWIFT_APPROACHABLE_CONCURRENCY = YES;
				SWIFT_EMIT_LOC_STRINGS = NO;
				SWIFT_UPCOMING_FEATURE_MEMBER_IMPORT_VISIBILITY = YES;
				SWIFT_VERSION = 5.0;
				TARGETED_DEVICE_FAMILY = "1,2";
				TEST_TARGET_NAME = SaviPets;
			};
			name = Release;
		};
/* End XCBuildConfiguration section */

/* Begin XCConfigurationList section */
		3C33BB2E2E80E38A00E3388F /* Build configuration list for PBXProject "SaviPets" */ = {
			isa = XCConfigurationList;
			buildConfigurations = (
				3C33BB5A2E80E38B00E3388F /* Debug */,
				3C33BB5B2E80E38B00E3388F /* Release */,
			);
			defaultConfigurationIsVisible = 0;
			defaultConfigurationName = Release;
		};
		3C33BB572E80E38B00E3388F /* Build configuration list for PBXNativeTarget "SaviPets" */ = {
			isa = XCConfigurationList;
			buildConfigurations = (
				3C33BB582E80E38B00E3388F /* Debug */,
				3C33BB592E80E38B00E3388F /* Release */,
			);
			defaultConfigurationIsVisible = 0;
			defaultConfigurationName = Release;
		};
		3C33BB5C2E80E38B00E3388F /* Build configuration list for PBXNativeTarget "SaviPetsTests" */ = {
			isa = XCConfigurationList;
			buildConfigurations = (
				3C33BB5D2E80E38B00E3388F /* Debug */,
				3C33BB5E2E80E38B00E3388F /* Release */,
			);
			defaultConfigurationIsVisible = 0;
			defaultConfigurationName = Release;
		};
		3C33BB5F2E80E38B00E3388F /* Build configuration list for PBXNativeTarget "SaviPetsUITests" */ = {
			isa = XCConfigurationList;
			buildConfigurations = (
				3C33BB602E80E38B00E3388F /* Debug */,
				3C33BB612E80E38B00E3388F /* Release */,
			);
			defaultConfigurationIsVisible = 0;
			defaultConfigurationName = Release;
		};
/* End XCConfigurationList section */

/* Begin XCRemoteSwiftPackageReference section */
		3CAFC1D82E822E6500E4CF04 /* XCRemoteSwiftPackageReference "GoogleSignIn-iOS" */ = {
			isa = XCRemoteSwiftPackageReference;
			repositoryURL = "https://github.com/google/GoogleSignIn-iOS";
			requirement = {
				kind = upToNextMajorVersion;
				minimumVersion = 9.0.0;
			};
		};
		3CAFC1E42E824DAB00E4CF04 /* XCRemoteSwiftPackageReference "firebase-ios-sdk" */ = {
			isa = XCRemoteSwiftPackageReference;
			repositoryURL = "https://github.com/firebase/firebase-ios-sdk";
			requirement = {
				kind = upToNextMajorVersion;
				minimumVersion = 12.3.0;
			};
		};
		3CD8416B2E84C9090018A598 /* XCRemoteSwiftPackageReference "lottie-ios" */ = {
			isa = XCRemoteSwiftPackageReference;
			repositoryURL = "https://github.com/airbnb/lottie-ios";
			requirement = {
				kind = upToNextMajorVersion;
				minimumVersion = 4.5.2;
			};
		};
/* End XCRemoteSwiftPackageReference section */

/* Begin XCSwiftPackageProductDependency section */
		3CAFC1D92E822E6500E4CF04 /* GoogleSignIn */ = {
			isa = XCSwiftPackageProductDependency;
			package = 3CAFC1D82E822E6500E4CF04 /* XCRemoteSwiftPackageReference "GoogleSignIn-iOS" */;
			productName = GoogleSignIn;
		};
		3CAFC1DB2E822E6500E4CF04 /* GoogleSignInSwift */ = {
			isa = XCSwiftPackageProductDependency;
			package = 3CAFC1D82E822E6500E4CF04 /* XCRemoteSwiftPackageReference "GoogleSignIn-iOS" */;
			productName = GoogleSignInSwift;
		};
		3CAFC1E52E824DAB00E4CF04 /* FirebaseAI */ = {
			isa = XCSwiftPackageProductDependency;
			package = 3CAFC1E42E824DAB00E4CF04 /* XCRemoteSwiftPackageReference "firebase-ios-sdk" */;
			productName = FirebaseAI;
		};
		3CAFC1E72E824DAB00E4CF04 /* FirebaseAnalytics */ = {
			isa = XCSwiftPackageProductDependency;
			package = 3CAFC1E42E824DAB00E4CF04 /* XCRemoteSwiftPackageReference "firebase-ios-sdk" */;
			productName = FirebaseAnalytics;
		};
		3CAFC1E92E824DAB00E4CF04 /* FirebaseAnalyticsCore */ = {
			isa = XCSwiftPackageProductDependency;
			package = 3CAFC1E42E824DAB00E4CF04 /* XCRemoteSwiftPackageReference "firebase-ios-sdk" */;
			productName = FirebaseAnalyticsCore;
		};
		3CAFC1EB2E824DAB00E4CF04 /* FirebaseAnalyticsIdentitySupport */ = {
			isa = XCSwiftPackageProductDependency;
			package = 3CAFC1E42E824DAB00E4CF04 /* XCRemoteSwiftPackageReference "firebase-ios-sdk" */;
			productName = FirebaseAnalyticsIdentitySupport;
		};
		3CAFC1ED2E824DAB00E4CF04 /* FirebaseAppCheck */ = {
			isa = XCSwiftPackageProductDependency;
			package = 3CAFC1E42E824DAB00E4CF04 /* XCRemoteSwiftPackageReference "firebase-ios-sdk" */;
			productName = FirebaseAppCheck;
		};
		3CAFC1EF2E824DAB00E4CF04 /* FirebaseAppDistribution-Beta */ = {
			isa = XCSwiftPackageProductDependency;
			package = 3CAFC1E42E824DAB00E4CF04 /* XCRemoteSwiftPackageReference "firebase-ios-sdk" */;
			productName = "FirebaseAppDistribution-Beta";
		};
		3CAFC1F12E824DAB00E4CF04 /* FirebaseAuth */ = {
			isa = XCSwiftPackageProductDependency;
			package = 3CAFC1E42E824DAB00E4CF04 /* XCRemoteSwiftPackageReference "firebase-ios-sdk" */;
			productName = FirebaseAuth;
		};
		3CAFC1F32E824DAB00E4CF04 /* FirebaseAuthCombine-Community */ = {
			isa = XCSwiftPackageProductDependency;
			package = 3CAFC1E42E824DAB00E4CF04 /* XCRemoteSwiftPackageReference "firebase-ios-sdk" */;
			productName = "FirebaseAuthCombine-Community";
		};
		3CAFC1F52E824DAB00E4CF04 /* FirebaseCore */ = {
			isa = XCSwiftPackageProductDependency;
			package = 3CAFC1E42E824DAB00E4CF04 /* XCRemoteSwiftPackageReference "firebase-ios-sdk" */;
			productName = FirebaseCore;
		};
		3CAFC1F72E824DAB00E4CF04 /* FirebaseCrashlytics */ = {
			isa = XCSwiftPackageProductDependency;
			package = 3CAFC1E42E824DAB00E4CF04 /* XCRemoteSwiftPackageReference "firebase-ios-sdk" */;
			productName = FirebaseCrashlytics;
		};
		3CAFC1F92E824DAB00E4CF04 /* FirebaseDatabase */ = {
			isa = XCSwiftPackageProductDependency;
			package = 3CAFC1E42E824DAB00E4CF04 /* XCRemoteSwiftPackageReference "firebase-ios-sdk" */;
			productName = FirebaseDatabase;
		};
		3CAFC1FB2E824DAB00E4CF04 /* FirebaseFirestore */ = {
			isa = XCSwiftPackageProductDependency;
			package = 3CAFC1E42E824DAB00E4CF04 /* XCRemoteSwiftPackageReference "firebase-ios-sdk" */;
			productName = FirebaseFirestore;
		};
		3CAFC1FD2E824DAB00E4CF04 /* FirebaseFirestoreCombine-Community */ = {
			isa = XCSwiftPackageProductDependency;
			package = 3CAFC1E42E824DAB00E4CF04 /* XCRemoteSwiftPackageReference "firebase-ios-sdk" */;
			productName = "FirebaseFirestoreCombine-Community";
		};
		3CAFC1FF2E824DAB00E4CF04 /* FirebaseFunctions */ = {
			isa = XCSwiftPackageProductDependency;
			package = 3CAFC1E42E824DAB00E4CF04 /* XCRemoteSwiftPackageReference "firebase-ios-sdk" */;
			productName = FirebaseFunctions;
		};
		3CAFC2012E824DAB00E4CF04 /* FirebaseFunctionsCombine-Community */ = {
			isa = XCSwiftPackageProductDependency;
			package = 3CAFC1E42E824DAB00E4CF04 /* XCRemoteSwiftPackageReference "firebase-ios-sdk" */;
			productName = "FirebaseFunctionsCombine-Community";
		};
		3CAFC2032E824DAB00E4CF04 /* FirebaseInAppMessaging-Beta */ = {
			isa = XCSwiftPackageProductDependency;
			package = 3CAFC1E42E824DAB00E4CF04 /* XCRemoteSwiftPackageReference "firebase-ios-sdk" */;
			productName = "FirebaseInAppMessaging-Beta";
		};
		3CAFC2052E824DAB00E4CF04 /* FirebaseInstallations */ = {
			isa = XCSwiftPackageProductDependency;
			package = 3CAFC1E42E824DAB00E4CF04 /* XCRemoteSwiftPackageReference "firebase-ios-sdk" */;
			productName = FirebaseInstallations;
		};
		3CAFC2072E824DAB00E4CF04 /* FirebaseMLModelDownloader */ = {
			isa = XCSwiftPackageProductDependency;
			package = 3CAFC1E42E824DAB00E4CF04 /* XCRemoteSwiftPackageReference "firebase-ios-sdk" */;
			productName = FirebaseMLModelDownloader;
		};
		3CAFC2092E824DAB00E4CF04 /* FirebaseMessaging */ = {
			isa = XCSwiftPackageProductDependency;
			package = 3CAFC1E42E824DAB00E4CF04 /* XCRemoteSwiftPackageReference "firebase-ios-sdk" */;
			productName = FirebaseMessaging;
		};
		3CAFC20B2E824DAB00E4CF04 /* FirebasePerformance */ = {
			isa = XCSwiftPackageProductDependency;
			package = 3CAFC1E42E824DAB00E4CF04 /* XCRemoteSwiftPackageReference "firebase-ios-sdk" */;
			productName = FirebasePerformance;
		};
		3CAFC20D2E824DAB00E4CF04 /* FirebaseRemoteConfig */ = {
			isa = XCSwiftPackageProductDependency;
			package = 3CAFC1E42E824DAB00E4CF04 /* XCRemoteSwiftPackageReference "firebase-ios-sdk" */;
			productName = FirebaseRemoteConfig;
		};
		3CAFC20F2E824DAB00E4CF04 /* FirebaseStorage */ = {
			isa = XCSwiftPackageProductDependency;
			package = 3CAFC1E42E824DAB00E4CF04 /* XCRemoteSwiftPackageReference "firebase-ios-sdk" */;
			productName = FirebaseStorage;
		};
		3CAFC2112E824DAB00E4CF04 /* FirebaseStorageCombine-Community */ = {
			isa = XCSwiftPackageProductDependency;
			package = 3CAFC1E42E824DAB00E4CF04 /* XCRemoteSwiftPackageReference "firebase-ios-sdk" */;
			productName = "FirebaseStorageCombine-Community";
		};
/* End XCSwiftPackageProductDependency section */
	};
	rootObject = 3C33BB2B2E80E38A00E3388F /* Project object */;
}
